// !$*UTF8*$!
{
	archiveVersion = 1;
	classes = {
	};
	objectVersion = 46;
	objects = {

/* Begin PBXBuildFile section */
		762E90931A774E540086EC15 /* AppDelegate.swift in Sources */ = {isa = PBXBuildFile; fileRef = 762E90921A774E540086EC15 /* AppDelegate.swift */; };
		762E90951A774E540086EC15 /* ViewController.swift in Sources */ = {isa = PBXBuildFile; fileRef = 762E90941A774E540086EC15 /* ViewController.swift */; };
		762E90981A774E540086EC15 /* Main.storyboard in Resources */ = {isa = PBXBuildFile; fileRef = 762E90961A774E540086EC15 /* Main.storyboard */; };
		762E909A1A774E540086EC15 /* Images.xcassets in Resources */ = {isa = PBXBuildFile; fileRef = 762E90991A774E540086EC15 /* Images.xcassets */; };
		762E909D1A774E540086EC15 /* LaunchScreen.xib in Resources */ = {isa = PBXBuildFile; fileRef = 762E909B1A774E540086EC15 /* LaunchScreen.xib */; };
		762E90A91A774E540086EC15 /* coffeeApp0127Tests.swift in Sources */ = {isa = PBXBuildFile; fileRef = 762E90A81A774E540086EC15 /* coffeeApp0127Tests.swift */; };
		762E90B31A780FAA0086EC15 /* americanoViewController.swift in Sources */ = {isa = PBXBuildFile; fileRef = 762E90B21A780FAA0086EC15 /* americanoViewController.swift */; };
		762E90B51A7810170086EC15 /* customizeViewController.swift in Sources */ = {isa = PBXBuildFile; fileRef = 762E90B41A7810170086EC15 /* customizeViewController.swift */; };
		762E90B71A7810870086EC15 /* listViewController.swift in Sources */ = {isa = PBXBuildFile; fileRef = 762E90B61A7810870086EC15 /* listViewController.swift */; };
/* End PBXBuildFile section */

/* Begin PBXContainerItemProxy section */
		762E90A31A774E540086EC15 /* PBXContainerItemProxy */ = {
			isa = PBXContainerItemProxy;
			containerPortal = 762E90851A774E540086EC15 /* Project object */;
			proxyType = 1;
			remoteGlobalIDString = 762E908C1A774E540086EC15;
			remoteInfo = coffeeApp0127;
		};
/* End PBXContainerItemProxy section */

/* Begin PBXFileReference section */
		762E908D1A774E540086EC15 /* coffeeApp0127.app */ = {isa = PBXFileReference; explicitFileType = wrapper.application; includeInIndex = 0; path = coffeeApp0127.app; sourceTree = BUILT_PRODUCTS_DIR; };
		762E90911A774E540086EC15 /* Info.plist */ = {isa = PBXFileReference; lastKnownFileType = text.plist.xml; path = Info.plist; sourceTree = "<group>"; };
		762E90921A774E540086EC15 /* AppDelegate.swift */ = {isa = PBXFileReference; lastKnownFileType = sourcecode.swift; path = AppDelegate.swift; sourceTree = "<group>"; };
		762E90941A774E540086EC15 /* ViewController.swift */ = {isa = PBXFileReference; lastKnownFileType = sourcecode.swift; path = ViewController.swift; sourceTree = "<group>"; };
		762E90971A774E540086EC15 /* Base */ = {isa = PBXFileReference; lastKnownFileType = file.storyboard; name = Base; path = Base.lproj/Main.storyboard; sourceTree = "<group>"; };
		762E90991A774E540086EC15 /* Images.xcassets */ = {isa = PBXFileReference; lastKnownFileType = folder.assetcatalog; path = Images.xcassets; sourceTree = "<group>"; };
		762E909C1A774E540086EC15 /* Base */ = {isa = PBXFileReference; lastKnownFileType = file.xib; name = Base; path = Base.lproj/LaunchScreen.xib; sourceTree = "<group>"; };
		762E90A21A774E540086EC15 /* coffeeApp0127Tests.xctest */ = {isa = PBXFileReference; explicitFileType = wrapper.cfbundle; includeInIndex = 0; path = coffeeApp0127Tests.xctest; sourceTree = BUILT_PRODUCTS_DIR; };
		762E90A71A774E540086EC15 /* Info.plist */ = {isa = PBXFileReference; lastKnownFileType = text.plist.xml; path = Info.plist; sourceTree = "<group>"; };
		762E90A81A774E540086EC15 /* coffeeApp0127Tests.swift */ = {isa = PBXFileReference; lastKnownFileType = sourcecode.swift; path = coffeeApp0127Tests.swift; sourceTree = "<group>"; };
		762E90B21A780FAA0086EC15 /* americanoViewController.swift */ = {isa = PBXFileReference; fileEncoding = 4; lastKnownFileType = sourcecode.swift; path = americanoViewController.swift; sourceTree = "<group>"; };
		762E90B41A7810170086EC15 /* customizeViewController.swift */ = {isa = PBXFileReference; fileEncoding = 4; lastKnownFileType = sourcecode.swift; path = customizeViewController.swift; sourceTree = "<group>"; };
		762E90B61A7810870086EC15 /* listViewController.swift */ = {isa = PBXFileReference; fileEncoding = 4; lastKnownFileType = sourcecode.swift; path = listViewController.swift; sourceTree = "<group>"; };
/* End PBXFileReference section */

/* Begin PBXFrameworksBuildPhase section */
		762E908A1A774E540086EC15 /* Frameworks */ = {
			isa = PBXFrameworksBuildPhase;
			buildActionMask = 2147483647;
			files = (
			);
			runOnlyForDeploymentPostprocessing = 0;
		};
		762E909F1A774E540086EC15 /* Frameworks */ = {
			isa = PBXFrameworksBuildPhase;
			buildActionMask = 2147483647;
			files = (
			);
			runOnlyForDeploymentPostprocessing = 0;
		};
/* End PBXFrameworksBuildPhase section */

/* Begin PBXGroup section */
		762E90841A774E540086EC15 = {
			isa = PBXGroup;
			children = (
				762E908F1A774E540086EC15 /* coffeeApp0127 */,
				762E90A51A774E540086EC15 /* coffeeApp0127Tests */,
				762E908E1A774E540086EC15 /* Products */,
			);
			sourceTree = "<group>";
		};
		762E908E1A774E540086EC15 /* Products */ = {
			isa = PBXGroup;
			children = (
				762E908D1A774E540086EC15 /* coffeeApp0127.app */,
				762E90A21A774E540086EC15 /* coffeeApp0127Tests.xctest */,
			);
			name = Products;
			sourceTree = "<group>";
		};
		762E908F1A774E540086EC15 /* coffeeApp0127 */ = {
			isa = PBXGroup;
			children = (
				762E90921A774E540086EC15 /* AppDelegate.swift */,
				762E90941A774E540086EC15 /* ViewController.swift */,
				762E90961A774E540086EC15 /* Main.storyboard */,
				762E90991A774E540086EC15 /* Images.xcassets */,
				762E909B1A774E540086EC15 /* LaunchScreen.xib */,
				762E90901A774E540086EC15 /* Supporting Files */,
				762E90B21A780FAA0086EC15 /* americanoViewController.swift */,
				762E90B41A7810170086EC15 /* customizeViewController.swift */,
				762E90B61A7810870086EC15 /* listViewController.swift */,
			);
			path = coffeeApp0127;
			sourceTree = "<group>";
		};
		762E90901A774E540086EC15 /* Supporting Files */ = {
			isa = PBXGroup;
			children = (
				762E90911A774E540086EC15 /* Info.plist */,
			);
			name = "Supporting Files";
			sourceTree = "<group>";
		};
		762E90A51A774E540086EC15 /* coffeeApp0127Tests */ = {
			isa = PBXGroup;
			children = (
				762E90A81A774E540086EC15 /* coffeeApp0127Tests.swift */,
				762E90A61A774E540086EC15 /* Supporting Files */,
			);
			path = coffeeApp0127Tests;
			sourceTree = "<group>";
		};
		762E90A61A774E540086EC15 /* Supporting Files */ = {
			isa = PBXGroup;
			children = (
				762E90A71A774E540086EC15 /* Info.plist */,
			);
			name = "Supporting Files";
			sourceTree = "<group>";
		};
/* End PBXGroup section */

/* Begin PBXNativeTarget section */
		762E908C1A774E540086EC15 /* coffeeApp0127 */ = {
			isa = PBXNativeTarget;
			buildConfigurationList = 762E90AC1A774E540086EC15 /* Build configuration list for PBXNativeTarget "coffeeApp0127" */;
			buildPhases = (
				762E90891A774E540086EC15 /* Sources */,
				762E908A1A774E540086EC15 /* Frameworks */,
				762E908B1A774E540086EC15 /* Resources */,
			);
			buildRules = (
			);
			dependencies = (
			);
			name = coffeeApp0127;
			productName = coffeeApp0127;
			productReference = 762E908D1A774E540086EC15 /* coffeeApp0127.app */;
			productType = "com.apple.product-type.application";
		};
		762E90A11A774E540086EC15 /* coffeeApp0127Tests */ = {
			isa = PBXNativeTarget;
			buildConfigurationList = 762E90AF1A774E540086EC15 /* Build configuration list for PBXNativeTarget "coffeeApp0127Tests" */;
			buildPhases = (
				762E909E1A774E540086EC15 /* Sources */,
				762E909F1A774E540086EC15 /* Frameworks */,
				762E90A01A774E540086EC15 /* Resources */,
			);
			buildRules = (
			);
			dependencies = (
				762E90A41A774E540086EC15 /* PBXTargetDependency */,
			);
			name = coffeeApp0127Tests;
			productName = coffeeApp0127Tests;
			productReference = 762E90A21A774E540086EC15 /* coffeeApp0127Tests.xctest */;
			productType = "com.apple.product-type.bundle.unit-test";
		};
/* End PBXNativeTarget section */

/* Begin PBXProject section */
		762E90851A774E540086EC15 /* Project object */ = {
			isa = PBXProject;
			attributes = {
				LastUpgradeCheck = 0610;
				ORGANIZATIONNAME = "Chris Royer";
				TargetAttributes = {
					762E908C1A774E540086EC15 = {
						CreatedOnToolsVersion = 6.1.1;
					};
					762E90A11A774E540086EC15 = {
						CreatedOnToolsVersion = 6.1.1;
						TestTargetID = 762E908C1A774E540086EC15;
					};
				};
			};
			buildConfigurationList = 762E90881A774E540086EC15 /* Build configuration list for PBXProject "coffeeApp0127" */;
			compatibilityVersion = "Xcode 3.2";
			developmentRegion = English;
			hasScannedForEncodings = 0;
			knownRegions = (
				en,
				Base,
			);
			mainGroup = 762E90841A774E540086EC15;
			productRefGroup = 762E908E1A774E540086EC15 /* Products */;
			projectDirPath = "";
			projectRoot = "";
			targets = (
				762E908C1A774E540086EC15 /* coffeeApp0127 */,
				762E90A11A774E540086EC15 /* coffeeApp0127Tests */,
			);
		};
/* End PBXProject section */

/* Begin PBXResourcesBuildPhase section */
		762E908B1A774E540086EC15 /* Resources */ = {
			isa = PBXResourcesBuildPhase;
			buildActionMask = 2147483647;
			files = (
				762E90981A774E540086EC15 /* Main.storyboard in Resources */,
				762E909D1A774E540086EC15 /* LaunchScreen.xib in Resources */,
				762E909A1A774E540086EC15 /* Images.xcassets in Resources */,
			);
			runOnlyForDeploymentPostprocessing = 0;
		};
		762E90A01A774E540086EC15 /* Resources */ = {
			isa = PBXResourcesBuildPhase;
			buildActionMask = 2147483647;
			files = (
			);
			runOnlyForDeploymentPostprocessing = 0;
		};
/* End PBXResourcesBuildPhase section */

/* Begin PBXSourcesBuildPhase section */
		762E90891A774E540086EC15 /* Sources */ = {
			isa = PBXSourcesBuildPhase;
			buildActionMask = 2147483647;
			files = (
				762E90B31A780FAA0086EC15 /* americanoViewController.swift in Sources */,
				762E90B71A7810870086EC15 /* listViewController.swift in Sources */,
				762E90951A774E540086EC15 /* ViewController.swift in Sources */,
				762E90B51A7810170086EC15 /* customizeViewController.swift in Sources */,
				762E90931A774E540086EC15 /* AppDelegate.swift in Sources */,
			);
			runOnlyForDeploymentPostprocessing = 0;
		};
		762E909E1A774E540086EC15 /* Sources */ = {
			isa = PBXSourcesBuildPhase;
			buildActionMask = 2147483647;
			files = (
				762E90A91A774E540086EC15 /* coffeeApp0127Tests.swift in Sources */,
			);
			runOnlyForDeploymentPostprocessing = 0;
		};
/* End PBXSourcesBuildPhase section */

/* Begin PBXTargetDependency section */
		762E90A41A774E540086EC15 /* PBXTargetDependency */ = {
			isa = PBXTargetDependency;
			target = 762E908C1A774E540086EC15 /* coffeeApp0127 */;
			targetProxy = 762E90A31A774E540086EC15 /* PBXContainerItemProxy */;
		};
/* End PBXTargetDependency section */

/* Begin PBXVariantGroup section */
		762E90961A774E540086EC15 /* Main.storyboard */ = {
			isa = PBXVariantGroup;
			children = (
				762E90971A774E540086EC15 /* Base */,
			);
			name = Main.storyboard;
			sourceTree = "<group>";
		};
		762E909B1A774E540086EC15 /* LaunchScreen.xib */ = {
			isa = PBXVariantGroup;
			children = (
				762E909C1A774E540086EC15 /* Base */,
			);
			name = LaunchScreen.xib;
			sourceTree = "<group>";
		};
/* End PBXVariantGroup section */

/* Begin XCBuildConfiguration section */
		762E90AA1A774E540086EC15 /* Debug */ = {
			isa = XCBuildConfiguration;
			buildSettings = {
				ALWAYS_SEARCH_USER_PATHS = NO;
				CLANG_CXX_LANGUAGE_STANDARD = "gnu++0x";
				CLANG_CXX_LIBRARY = "libc++";
				CLANG_ENABLE_MODULES = YES;
				CLANG_ENABLE_OBJC_ARC = YES;
				CLANG_WARN_BOOL_CONVERSION = YES;
				CLANG_WARN_CONSTANT_CONVERSION = YES;
				CLANG_WARN_DIRECT_OBJC_ISA_USAGE = YES_ERROR;
				CLANG_WARN_EMPTY_BODY = YES;
				CLANG_WARN_ENUM_CONVERSION = YES;
				CLANG_WARN_INT_CONVERSION = YES;
				CLANG_WARN_OBJC_ROOT_CLASS = YES_ERROR;
				CLANG_WARN_UNREACHABLE_CODE = YES;
				CLANG_WARN__DUPLICATE_METHOD_MATCH = YES;
				"CODE_SIGN_IDENTITY[sdk=iphoneos*]" = "iPhone Developer";
				COPY_PHASE_STRIP = NO;
				ENABLE_STRICT_OBJC_MSGSEND = YES;
				GCC_C_LANGUAGE_STANDARD = gnu99;
				GCC_DYNAMIC_NO_PIC = NO;
				GCC_OPTIMIZATION_LEVEL = 0;
				GCC_PREPROCESSOR_DEFINITIONS = (
					"DEBUG=1",
					"$(inherited)",
				);
				GCC_SYMBOLS_PRIVATE_EXTERN = NO;
				GCC_WARN_64_TO_32_BIT_CONVERSION = YES;
				GCC_WARN_ABOUT_RETURN_TYPE = YES_ERROR;
				GCC_WARN_UNDECLARED_SELECTOR = YES;
				GCC_WARN_UNINITIALIZED_AUTOS = YES_AGGRESSIVE;
				GCC_WARN_UNUSED_FUNCTION = YES;
				GCC_WARN_UNUSED_VARIABLE = YES;
				IPHONEOS_DEPLOYMENT_TARGET = 8.1;
				MTL_ENABLE_DEBUG_INFO = YES;
				ONLY_ACTIVE_ARCH = YES;
				SDKROOT = iphoneos;
				SWIFT_OPTIMIZATION_LEVEL = "-Onone";
			};
			name = Debug;
		};
		762E90AB1A774E540086EC15 /* Release */ = {
			isa = XCBuildConfiguration;
			buildSettings = {
				ALWAYS_SEARCH_USER_PATHS = NO;
				CLANG_CXX_LANGUAGE_STANDARD = "gnu++0x";
				CLANG_CXX_LIBRARY = "libc++";
				CLANG_ENABLE_MODULES = YES;
				CLANG_ENABLE_OBJC_ARC = YES;
				CLANG_WARN_BOOL_CONVERSION = YES;
				CLANG_WARN_CONSTANT_CONVERSION = YES;
				CLANG_WARN_DIRECT_OBJC_ISA_USAGE = YES_ERROR;
				CLANG_WARN_EMPTY_BODY = YES;
				CLANG_WARN_ENUM_CONVERSION = YES;
				CLANG_WARN_INT_CONVERSION = YES;
				CLANG_WARN_OBJC_ROOT_CLASS = YES_ERROR;
				CLANG_WARN_UNREACHABLE_CODE = YES;
				CLANG_WARN__DUPLICATE_METHOD_MATCH = YES;
				"CODE_SIGN_IDENTITY[sdk=iphoneos*]" = "iPhone Developer";
				COPY_PHASE_STRIP = YES;
				ENABLE_NS_ASSERTIONS = NO;
				ENABLE_STRICT_OBJC_MSGSEND = YES;
				GCC_C_LANGUAGE_STANDARD = gnu99;
				GCC_WARN_64_TO_32_BIT_CONVERSION = YES;
				GCC_WARN_ABOUT_RETURN_TYPE = YES_ERROR;
				GCC_WARN_UNDECLARED_SELECTOR = YES;
				GCC_WARN_UNINITIALIZED_AUTOS = YES_AGGRESSIVE;
				GCC_WARN_UNUSED_FUNCTION = YES;
				GCC_WARN_UNUSED_VARIABLE = YES;
				IPHONEOS_DEPLOYMENT_TARGET = 8.1;
				MTL_ENABLE_DEBUG_INFO = NO;
				SDKROOT = iphoneos;
				VALIDATE_PRODUCT = YES;
			};
			name = Release;
		};
		762E90AD1A774E540086EC15 /* Debug */ = {
			isa = XCBuildConfiguration;
			buildSettings = {
				ASSETCATALOG_COMPILER_APPICON_NAME = AppIcon;
				INFOPLIST_FILE = coffeeApp0127/Info.plist;
				LD_RUNPATH_SEARCH_PATHS = "$(inherited) @executable_path/Frameworks";
				PRODUCT_NAME = "$(TARGET_NAME)";
				TARGETED_DEVICE_FAMILY = 1;
			};
			name = Debug;
		};
		762E90AE1A774E540086EC15 /* Release */ = {
			isa = XCBuildConfiguration;
			buildSettings = {
				ASSETCATALOG_COMPILER_APPICON_NAME = AppIcon;
				INFOPLIST_FILE = coffeeApp0127/Info.plist;
				LD_RUNPATH_SEARCH_PATHS = "$(inherited) @executable_path/Frameworks";
				PRODUCT_NAME = "$(TARGET_NAME)";
				TARGETED_DEVICE_FAMILY = 1;
			};
			name = Release;
		};
		762E90B01A774E540086EC15 /* Debug */ = {
			isa = XCBuildConfiguration;
			buildSettings = {
				BUNDLE_LOADER = "$(TEST_HOST)";
				FRAMEWORK_SEARCH_PATHS = (
					"$(SDKROOT)/Developer/Library/Frameworks",
					"$(inherited)",
				);
				GCC_PREPROCESSOR_DEFINITIONS = (
					"DEBUG=1",
					"$(inherited)",
				);
				INFOPLIST_FILE = coffeeApp0127Tests/Info.plist;
				LD_RUNPATH_SEARCH_PATHS = "$(inherited) @executable_path/Frameworks @loader_path/Frameworks";
				PRODUCT_NAME = "$(TARGET_NAME)";
				TEST_HOST = "$(BUILT_PRODUCTS_DIR)/coffeeApp0127.app/coffeeApp0127";
			};
			name = Debug;
		};
		762E90B11A774E540086EC15 /* Release */ = {
			isa = XCBuildConfiguration;
			buildSettings = {
				BUNDLE_LOADER = "$(TEST_HOST)";
				FRAMEWORK_SEARCH_PATHS = (
					"$(SDKROOT)/Developer/Library/Frameworks",
					"$(inherited)",
				);
				INFOPLIST_FILE = coffeeApp0127Tests/Info.plist;
				LD_RUNPATH_SEARCH_PATHS = "$(inherited) @executable_path/Frameworks @loader_path/Frameworks";
				PRODUCT_NAME = "$(TARGET_NAME)";
				TEST_HOST = "$(BUILT_PRODUCTS_DIR)/coffeeApp0127.app/coffeeApp0127";
			};
			name = Release;
		};
/* End XCBuildConfiguration section */

/* Begin XCConfigurationList section */
		762E90881A774E540086EC15 /* Build configuration list for PBXProject "coffeeApp0127" */ = {
			isa = XCConfigurationList;
			buildConfigurations = (
				762E90AA1A774E540086EC15 /* Debug */,
				762E90AB1A774E540086EC15 /* Release */,
			);
			defaultConfigurationIsVisible = 0;
			defaultConfigurationName = Release;
		};
		762E90AC1A774E540086EC15 /* Build configuration list for PBXNativeTarget "coffeeApp0127" */ = {
			isa = XCConfigurationList;
			buildConfigurations = (
				762E90AD1A774E540086EC15 /* Debug */,
				762E90AE1A774E540086EC15 /* Release */,
			);
			defaultConfigurationIsVisible = 0;
			defaultConfigurationName = Release;
		};
		762E90AF1A774E540086EC15 /* Build configuration list for PBXNativeTarget "coffeeApp0127Tests" */ = {
			isa = XCConfigurationList;
			buildConfigurations = (
				762E90B01A774E540086EC15 /* Debug */,
				762E90B11A774E540086EC15 /* Release */,
			);
			defaultConfigurationIsVisible = 0;
			defaultConfigurationName = Release;
		};
/* End XCConfigurationList section */
	};
	rootObject = 762E90851A774E540086EC15 /* Project object */;
}
